
Microsoft Visual Studio Solution File, Format Version 12.00
# Visual Studio Version 16
VisualStudioVersion = 16.0.29021.104
MinimumVisualStudioVersion = 10.0.40219.1
Project("{9A19103F-16F7-4668-BE54-9A1E7A4F7556}") = "RemuseWebApplication", "RemuseWebApplication.csproj", "{0A24974A-7CB6-494B-9076-5FF0C61C6B7C}"
EndProject
Global
	GlobalSection(SolutionConfigurationPlatforms) = preSolution
		Debug|Any CPU = Debug|Any CPU
		Release|Any CPU = Release|Any CPU
	EndGlobalSection
	GlobalSection(ProjectConfigurationPlatforms) = postSolution
		{0A24974A-7CB6-494B-9076-5FF0C61C6B7C}.Debug|Any CPU.ActiveCfg = Debug|Any CPU
		{0A24974A-7CB6-494B-9076-5FF0C61C6B7C}.Debug|Any CPU.Build.0 = Debug|Any CPU
		{0A24974A-7CB6-494B-9076-5FF0C61C6B7C}.Release|Any CPU.ActiveCfg = Release|Any CPU
		{0A24974A-7CB6-494B-9076-5FF0C61C6B7C}.Release|Any CPU.Build.0 = Release|Any CPU
	EndGlobalSection
	GlobalSection(SolutionProperties) = preSolution
		HideSolutionNode = FALSE
	EndGlobalSection
	GlobalSection(ExtensibilityGlobals) = postSolution
		SolutionGuid = {DE93143B-7816-424C-B478-6E54F4045569}
	EndGlobalSection
EndGlobal
